// !$*UTF8*$!
{
	archiveVersion = 1;
	classes = {
	};
	objectVersion = 56;
	objects = {

/* Begin PBXBuildFile section */
		7E1EE6BF2A9395180051343C /* NavRouter.swift in Sources */ = {isa = PBXBuildFile; fileRef = 7E1EE6BE2A9395180051343C /* NavRouter.swift */; };
		7E8BE1E32A8D42F700EB582A /* EnvObjectExpApp.swift in Sources */ = {isa = PBXBuildFile; fileRef = 7E8BE1E22A8D42F700EB582A /* EnvObjectExpApp.swift */; };
		7E8BE1E52A8D42F700EB582A /* ContentView.swift in Sources */ = {isa = PBXBuildFile; fileRef = 7E8BE1E42A8D42F700EB582A /* ContentView.swift */; };
		7E8BE1E72A8D42F800EB582A /* Assets.xcassets in Resources */ = {isa = PBXBuildFile; fileRef = 7E8BE1E62A8D42F800EB582A /* Assets.xcassets */; };
		7E8BE1EA2A8D42F800EB582A /* Preview Assets.xcassets in Resources */ = {isa = PBXBuildFile; fileRef = 7E8BE1E92A8D42F800EB582A /* Preview Assets.xcassets */; };
		7E8BE1F42A8D42F800EB582A /* EnvObjectExpTests.swift in Sources */ = {isa = PBXBuildFile; fileRef = 7E8BE1F32A8D42F800EB582A /* EnvObjectExpTests.swift */; };
		7E8BE1FE2A8D42F800EB582A /* EnvObjectExpUITests.swift in Sources */ = {isa = PBXBuildFile; fileRef = 7E8BE1FD2A8D42F800EB582A /* EnvObjectExpUITests.swift */; };
		7E8BE2002A8D42F800EB582A /* EnvObjectExpUITestsLaunchTests.swift in Sources */ = {isa = PBXBuildFile; fileRef = 7E8BE1FF2A8D42F800EB582A /* EnvObjectExpUITestsLaunchTests.swift */; };
		7E8BE20D2A8D47D700EB582A /* View1.swift in Sources */ = {isa = PBXBuildFile; fileRef = 7E8BE20C2A8D47D700EB582A /* View1.swift */; };
		7EC741262A8E49CF00819CC7 /* View2.swift in Sources */ = {isa = PBXBuildFile; fileRef = 7EC741252A8E49CF00819CC7 /* View2.swift */; };
/* End PBXBuildFile section */

/* Begin PBXContainerItemProxy section */
		7E8BE1F02A8D42F800EB582A /* PBXContainerItemProxy */ = {
			isa = PBXContainerItemProxy;
			containerPortal = 7E8BE1D72A8D42F700EB582A /* Project object */;
			proxyType = 1;
			remoteGlobalIDString = 7E8BE1DE2A8D42F700EB582A;
			remoteInfo = EnvObjectExp;
		};
		7E8BE1FA2A8D42F800EB582A /* PBXContainerItemProxy */ = {
			isa = PBXContainerItemProxy;
			containerPortal = 7E8BE1D72A8D42F700EB582A /* Project object */;
			proxyType = 1;
			remoteGlobalIDString = 7E8BE1DE2A8D42F700EB582A;
			remoteInfo = EnvObjectExp;
		};
/* End PBXContainerItemProxy section */

/* Begin PBXFileReference section */
		7E1EE6BE2A9395180051343C /* NavRouter.swift */ = {isa = PBXFileReference; lastKnownFileType = sourcecode.swift; path = NavRouter.swift; sourceTree = "<group>"; };
		7E8BE1DF2A8D42F700EB582A /* EnvObjectExp.app */ = {isa = PBXFileReference; explicitFileType = wrapper.application; includeInIndex = 0; path = EnvObjectExp.app; sourceTree = BUILT_PRODUCTS_DIR; };
		7E8BE1E22A8D42F700EB582A /* EnvObjectExpApp.swift */ = {isa = PBXFileReference; lastKnownFileType = sourcecode.swift; path = EnvObjectExpApp.swift; sourceTree = "<group>"; };
		7E8BE1E42A8D42F700EB582A /* ContentView.swift */ = {isa = PBXFileReference; lastKnownFileType = sourcecode.swift; path = ContentView.swift; sourceTree = "<group>"; };
		7E8BE1E62A8D42F800EB582A /* Assets.xcassets */ = {isa = PBXFileReference; lastKnownFileType = folder.assetcatalog; path = Assets.xcassets; sourceTree = "<group>"; };
		7E8BE1E92A8D42F800EB582A /* Preview Assets.xcassets */ = {isa = PBXFileReference; lastKnownFileType = folder.assetcatalog; path = "Preview Assets.xcassets"; sourceTree = "<group>"; };
		7E8BE1EF2A8D42F800EB582A /* EnvObjectExpTests.xctest */ = {isa = PBXFileReference; explicitFileType = wrapper.cfbundle; includeInIndex = 0; path = EnvObjectExpTests.xctest; sourceTree = BUILT_PRODUCTS_DIR; };
		7E8BE1F32A8D42F800EB582A /* EnvObjectExpTests.swift */ = {isa = PBXFileReference; lastKnownFileType = sourcecode.swift; path = EnvObjectExpTests.swift; sourceTree = "<group>"; };
		7E8BE1F92A8D42F800EB582A /* EnvObjectExpUITests.xctest */ = {isa = PBXFileReference; explicitFileType = wrapper.cfbundle; includeInIndex = 0; path = EnvObjectExpUITests.xctest; sourceTree = BUILT_PRODUCTS_DIR; };
		7E8BE1FD2A8D42F800EB582A /* EnvObjectExpUITests.swift */ = {isa = PBXFileReference; lastKnownFileType = sourcecode.swift; path = EnvObjectExpUITests.swift; sourceTree = "<group>"; };
		7E8BE1FF2A8D42F800EB582A /* EnvObjectExpUITestsLaunchTests.swift */ = {isa = PBXFileReference; lastKnownFileType = sourcecode.swift; path = EnvObjectExpUITestsLaunchTests.swift; sourceTree = "<group>"; };
		7E8BE20C2A8D47D700EB582A /* View1.swift */ = {isa = PBXFileReference; lastKnownFileType = sourcecode.swift; path = View1.swift; sourceTree = "<group>"; };
		7EC741252A8E49CF00819CC7 /* View2.swift */ = {isa = PBXFileReference; lastKnownFileType = sourcecode.swift; path = View2.swift; sourceTree = "<group>"; };
/* End PBXFileReference section */

/* Begin PBXFrameworksBuildPhase section */
		7E8BE1DC2A8D42F700EB582A /* Frameworks */ = {
			isa = PBXFrameworksBuildPhase;
			buildActionMask = 2147483647;
			files = (
			);
			runOnlyForDeploymentPostprocessing = 0;
		};
		7E8BE1EC2A8D42F800EB582A /* Frameworks */ = {
			isa = PBXFrameworksBuildPhase;
			buildActionMask = 2147483647;
			files = (
			);
			runOnlyForDeploymentPostprocessing = 0;
		};
		7E8BE1F62A8D42F800EB582A /* Frameworks */ = {
			isa = PBXFrameworksBuildPhase;
			buildActionMask = 2147483647;
			files = (
			);
			runOnlyForDeploymentPostprocessing = 0;
		};
/* End PBXFrameworksBuildPhase section */

/* Begin PBXGroup section */
		7E8BE1D62A8D42F700EB582A = {
			isa = PBXGroup;
			children = (
				7E8BE1E12A8D42F700EB582A /* EnvObjectExp */,
				7E8BE1F22A8D42F800EB582A /* EnvObjectExpTests */,
				7E8BE1FC2A8D42F800EB582A /* EnvObjectExpUITests */,
				7E8BE1E02A8D42F700EB582A /* Products */,
			);
			sourceTree = "<group>";
		};
		7E8BE1E02A8D42F700EB582A /* Products */ = {
			isa = PBXGroup;
			children = (
				7E8BE1DF2A8D42F700EB582A /* EnvObjectExp.app */,
				7E8BE1EF2A8D42F800EB582A /* EnvObjectExpTests.xctest */,
				7E8BE1F92A8D42F800EB582A /* EnvObjectExpUITests.xctest */,
			);
			name = Products;
			sourceTree = "<group>";
		};
		7E8BE1E12A8D42F700EB582A /* EnvObjectExp */ = {
			isa = PBXGroup;
			children = (
				7E8BE1E22A8D42F700EB582A /* EnvObjectExpApp.swift */,
				7E8BE1E42A8D42F700EB582A /* ContentView.swift */,
				7E8BE1E62A8D42F800EB582A /* Assets.xcassets */,
				7E8BE1E82A8D42F800EB582A /* Preview Content */,
				7E8BE20C2A8D47D700EB582A /* View1.swift */,
				7EC741252A8E49CF00819CC7 /* View2.swift */,
				7E1EE6BE2A9395180051343C /* NavRouter.swift */,
			);
			path = EnvObjectExp;
			sourceTree = "<group>";
		};
		7E8BE1E82A8D42F800EB582A /* Preview Content */ = {
			isa = PBXGroup;
			children = (
				7E8BE1E92A8D42F800EB582A /* Preview Assets.xcassets */,
			);
			path = "Preview Content";
			sourceTree = "<group>";
		};
		7E8BE1F22A8D42F800EB582A /* EnvObjectExpTests */ = {
			isa = PBXGroup;
			children = (
				7E8BE1F32A8D42F800EB582A /* EnvObjectExpTests.swift */,
			);
			path = EnvObjectExpTests;
			sourceTree = "<group>";
		};
		7E8BE1FC2A8D42F800EB582A /* EnvObjectExpUITests */ = {
			isa = PBXGroup;
			children = (
				7E8BE1FD2A8D42F800EB582A /* EnvObjectExpUITests.swift */,
				7E8BE1FF2A8D42F800EB582A /* EnvObjectExpUITestsLaunchTests.swift */,
			);
			path = EnvObjectExpUITests;
			sourceTree = "<group>";
		};
/* End PBXGroup section */

/* Begin PBXNativeTarget section */
		7E8BE1DE2A8D42F700EB582A /* EnvObjectExp */ = {
			isa = PBXNativeTarget;
			buildConfigurationList = 7E8BE2032A8D42F800EB582A /* Build configuration list for PBXNativeTarget "EnvObjectExp" */;
			buildPhases = (
				7E8BE1DB2A8D42F700EB582A /* Sources */,
				7E8BE1DC2A8D42F700EB582A /* Frameworks */,
				7E8BE1DD2A8D42F700EB582A /* Resources */,
			);
			buildRules = (
			);
			dependencies = (
			);
			name = EnvObjectExp;
			productName = EnvObjectExp;
			productReference = 7E8BE1DF2A8D42F700EB582A /* EnvObjectExp.app */;
			productType = "com.apple.product-type.application";
		};
		7E8BE1EE2A8D42F800EB582A /* EnvObjectExpTests */ = {
			isa = PBXNativeTarget;
			buildConfigurationList = 7E8BE2062A8D42F800EB582A /* Build configuration list for PBXNativeTarget "EnvObjectExpTests" */;
			buildPhases = (
				7E8BE1EB2A8D42F800EB582A /* Sources */,
				7E8BE1EC2A8D42F800EB582A /* Frameworks */,
				7E8BE1ED2A8D42F800EB582A /* Resources */,
			);
			buildRules = (
			);
			dependencies = (
				7E8BE1F12A8D42F800EB582A /* PBXTargetDependency */,
			);
			name = EnvObjectExpTests;
			productName = EnvObjectExpTests;
			productReference = 7E8BE1EF2A8D42F800EB582A /* EnvObjectExpTests.xctest */;
			productType = "com.apple.product-type.bundle.unit-test";
		};
		7E8BE1F82A8D42F800EB582A /* EnvObjectExpUITests */ = {
			isa = PBXNativeTarget;
			buildConfigurationList = 7E8BE2092A8D42F800EB582A /* Build configuration list for PBXNativeTarget "EnvObjectExpUITests" */;
			buildPhases = (
				7E8BE1F52A8D42F800EB582A /* Sources */,
				7E8BE1F62A8D42F800EB582A /* Frameworks */,
				7E8BE1F72A8D42F800EB582A /* Resources */,
			);
			buildRules = (
			);
			dependencies = (
				7E8BE1FB2A8D42F800EB582A /* PBXTargetDependency */,
			);
			name = EnvObjectExpUITests;
			productName = EnvObjectExpUITests;
			productReference = 7E8BE1F92A8D42F800EB582A /* EnvObjectExpUITests.xctest */;
			productType = "com.apple.product-type.bundle.ui-testing";
		};
/* End PBXNativeTarget section */

/* Begin PBXProject section */
		7E8BE1D72A8D42F700EB582A /* Project object */ = {
			isa = PBXProject;
			attributes = {
				BuildIndependentTargetsInParallel = 1;
				LastSwiftUpdateCheck = 1430;
				LastUpgradeCheck = 1430;
				TargetAttributes = {
					7E8BE1DE2A8D42F700EB582A = {
						CreatedOnToolsVersion = 14.3.1;
					};
					7E8BE1EE2A8D42F800EB582A = {
						CreatedOnToolsVersion = 14.3.1;
						TestTargetID = 7E8BE1DE2A8D42F700EB582A;
					};
					7E8BE1F82A8D42F800EB582A = {
						CreatedOnToolsVersion = 14.3.1;
						TestTargetID = 7E8BE1DE2A8D42F700EB582A;
					};
				};
			};
			buildConfigurationList = 7E8BE1DA2A8D42F700EB582A /* Build configuration list for PBXProject "EnvObjectExp" */;
			compatibilityVersion = "Xcode 14.0";
			developmentRegion = en;
			hasScannedForEncodings = 0;
			knownRegions = (
				en,
				Base,
			);
			mainGroup = 7E8BE1D62A8D42F700EB582A;
			productRefGroup = 7E8BE1E02A8D42F700EB582A /* Products */;
			projectDirPath = "";
			projectRoot = "";
			targets = (
				7E8BE1DE2A8D42F700EB582A /* EnvObjectExp */,
				7E8BE1EE2A8D42F800EB582A /* EnvObjectExpTests */,
				7E8BE1F82A8D42F800EB582A /* EnvObjectExpUITests */,
			);
		};
/* End PBXProject section */

/* Begin PBXResourcesBuildPhase section */
		7E8BE1DD2A8D42F700EB582A /* Resources */ = {
			isa = PBXResourcesBuildPhase;
			buildActionMask = 2147483647;
			files = (
				7E8BE1EA2A8D42F800EB582A /* Preview Assets.xcassets in Resources */,
				7E8BE1E72A8D42F800EB582A /* Assets.xcassets in Resources */,
			);
			runOnlyForDeploymentPostprocessing = 0;
		};
		7E8BE1ED2A8D42F800EB582A /* Resources */ = {
			isa = PBXResourcesBuildPhase;
			buildActionMask = 2147483647;
			files = (
			);
			runOnlyForDeploymentPostprocessing = 0;
		};
		7E8BE1F72A8D42F800EB582A /* Resources */ = {
			isa = PBXResourcesBuildPhase;
			buildActionMask = 2147483647;
			files = (
			);
			runOnlyForDeploymentPostprocessing = 0;
		};
/* End PBXResourcesBuildPhase section */

/* Begin PBXSourcesBuildPhase section */
		7E8BE1DB2A8D42F700EB582A /* Sources */ = {
			isa = PBXSourcesBuildPhase;
			buildActionMask = 2147483647;
			files = (
				7E8BE1E52A8D42F700EB582A /* ContentView.swift in Sources */,
				7E1EE6BF2A9395180051343C /* NavRouter.swift in Sources */,
				7E8BE20D2A8D47D700EB582A /* View1.swift in Sources */,
				7E8BE1E32A8D42F700EB582A /* EnvObjectExpApp.swift in Sources */,
				7EC741262A8E49CF00819CC7 /* View2.swift in Sources */,
			);
			runOnlyForDeploymentPostprocessing = 0;
		};
		7E8BE1EB2A8D42F800EB582A /* Sources */ = {
			isa = PBXSourcesBuildPhase;
			buildActionMask = 2147483647;
			files = (
				7E8BE1F42A8D42F800EB582A /* EnvObjectExpTests.swift in Sources */,
			);
			runOnlyForDeploymentPostprocessing = 0;
		};
		7E8BE1F52A8D42F800EB582A /* Sources */ = {
			isa = PBXSourcesBuildPhase;
			buildActionMask = 2147483647;
			files = (
				7E8BE1FE2A8D42F800EB582A /* EnvObjectExpUITests.swift in Sources */,
				7E8BE2002A8D42F800EB582A /* EnvObjectExpUITestsLaunchTests.swift in Sources */,
			);
			runOnlyForDeploymentPostprocessing = 0;
		};
/* End PBXSourcesBuildPhase section */

/* Begin PBXTargetDependency section */
		7E8BE1F12A8D42F800EB582A /* PBXTargetDependency */ = {
			isa = PBXTargetDependency;
			target = 7E8BE1DE2A8D42F700EB582A /* EnvObjectExp */;
			targetProxy = 7E8BE1F02A8D42F800EB582A /* PBXContainerItemProxy */;
		};
		7E8BE1FB2A8D42F800EB582A /* PBXTargetDependency */ = {
			isa = PBXTargetDependency;
			target = 7E8BE1DE2A8D42F700EB582A /* EnvObjectExp */;
			targetProxy = 7E8BE1FA2A8D42F800EB582A /* PBXContainerItemProxy */;
		};
/* End PBXTargetDependency section */

/* Begin XCBuildConfiguration section */
		7E8BE2012A8D42F800EB582A /* Debug */ = {
			isa = XCBuildConfiguration;
			buildSettings = {
				ALWAYS_SEARCH_USER_PATHS = NO;
				CLANG_ANALYZER_NONNULL = YES;
				CLANG_ANALYZER_NUMBER_OBJECT_CONVERSION = YES_AGGRESSIVE;
				CLANG_CXX_LANGUAGE_STANDARD = "gnu++20";
				CLANG_ENABLE_MODULES = YES;
				CLANG_ENABLE_OBJC_ARC = YES;
				CLANG_ENABLE_OBJC_WEAK = YES;
				CLANG_WARN_BLOCK_CAPTURE_AUTORELEASING = YES;
				CLANG_WARN_BOOL_CONVERSION = YES;
				CLANG_WARN_COMMA = YES;
				CLANG_WARN_CONSTANT_CONVERSION = YES;
				CLANG_WARN_DEPRECATED_OBJC_IMPLEMENTATIONS = YES;
				CLANG_WARN_DIRECT_OBJC_ISA_USAGE = YES_ERROR;
				CLANG_WARN_DOCUMENTATION_COMMENTS = YES;
				CLANG_WARN_EMPTY_BODY = YES;
				CLANG_WARN_ENUM_CONVERSION = YES;
				CLANG_WARN_INFINITE_RECURSION = YES;
				CLANG_WARN_INT_CONVERSION = YES;
				CLANG_WARN_NON_LITERAL_NULL_CONVERSION = YES;
				CLANG_WARN_OBJC_IMPLICIT_RETAIN_SELF = YES;
				CLANG_WARN_OBJC_LITERAL_CONVERSION = YES;
				CLANG_WARN_OBJC_ROOT_CLASS = YES_ERROR;
				CLANG_WARN_QUOTED_INCLUDE_IN_FRAMEWORK_HEADER = YES;
				CLANG_WARN_RANGE_LOOP_ANALYSIS = YES;
				CLANG_WARN_STRICT_PROTOTYPES = YES;
				CLANG_WARN_SUSPICIOUS_MOVE = YES;
				CLANG_WARN_UNGUARDED_AVAILABILITY = YES_AGGRESSIVE;
				CLANG_WARN_UNREACHABLE_CODE = YES;
				CLANG_WARN__DUPLICATE_METHOD_MATCH = YES;
				COPY_PHASE_STRIP = NO;
				DEBUG_INFORMATION_FORMAT = dwarf;
				ENABLE_STRICT_OBJC_MSGSEND = YES;
				ENABLE_TESTABILITY = YES;
				GCC_C_LANGUAGE_STANDARD = gnu11;
				GCC_DYNAMIC_NO_PIC = NO;
				GCC_NO_COMMON_BLOCKS = YES;
				GCC_OPTIMIZATION_LEVEL = 0;
				GCC_PREPROCESSOR_DEFINITIONS = (
					"DEBUG=1",
					"$(inherited)",
				);
				GCC_WARN_64_TO_32_BIT_CONVERSION = YES;
				GCC_WARN_ABOUT_RETURN_TYPE = YES_ERROR;
				GCC_WARN_UNDECLARED_SELECTOR = YES;
				GCC_WARN_UNINITIALIZED_AUTOS = YES_AGGRESSIVE;
				GCC_WARN_UNUSED_FUNCTION = YES;
				GCC_WARN_UNUSED_VARIABLE = YES;
				IPHONEOS_DEPLOYMENT_TARGET = 16.4;
				MTL_ENABLE_DEBUG_INFO = INCLUDE_SOURCE;
				MTL_FAST_MATH = YES;
				ONLY_ACTIVE_ARCH = YES;
				SDKROOT = iphoneos;
				SWIFT_ACTIVE_COMPILATION_CONDITIONS = DEBUG;
				SWIFT_OPTIMIZATION_LEVEL = "-Onone";
			};
			name = Debug;
		};
		7E8BE2022A8D42F800EB582A /* Release */ = {
			isa = XCBuildConfiguration;
			buildSettings = {
				ALWAYS_SEARCH_USER_PATHS = NO;
				CLANG_ANALYZER_NONNULL = YES;
				CLANG_ANALYZER_NUMBER_OBJECT_CONVERSION = YES_AGGRESSIVE;
				CLANG_CXX_LANGUAGE_STANDARD = "gnu++20";
				CLANG_ENABLE_MODULES = YES;
				CLANG_ENABLE_OBJC_ARC = YES;
				CLANG_ENABLE_OBJC_WEAK = YES;
				CLANG_WARN_BLOCK_CAPTURE_AUTORELEASING = YES;
				CLANG_WARN_BOOL_CONVERSION = YES;
				CLANG_WARN_COMMA = YES;
				CLANG_WARN_CONSTANT_CONVERSION = YES;
				CLANG_WARN_DEPRECATED_OBJC_IMPLEMENTATIONS = YES;
				CLANG_WARN_DIRECT_OBJC_ISA_USAGE = YES_ERROR;
				CLANG_WARN_DOCUMENTATION_COMMENTS = YES;
				CLANG_WARN_EMPTY_BODY = YES;
				CLANG_WARN_ENUM_CONVERSION = YES;
				CLANG_WARN_INFINITE_RECURSION = YES;
				CLANG_WARN_INT_CONVERSION = YES;
				CLANG_WARN_NON_LITERAL_NULL_CONVERSION = YES;
				CLANG_WARN_OBJC_IMPLICIT_RETAIN_SELF = YES;
				CLANG_WARN_OBJC_LITERAL_CONVERSION = YES;
				CLANG_WARN_OBJC_ROOT_CLASS = YES_ERROR;
				CLANG_WARN_QUOTED_INCLUDE_IN_FRAMEWORK_HEADER = YES;
				CLANG_WARN_RANGE_LOOP_ANALYSIS = YES;
				CLANG_WARN_STRICT_PROTOTYPES = YES;
				CLANG_WARN_SUSPICIOUS_MOVE = YES;
				CLANG_WARN_UNGUARDED_AVAILABILITY = YES_AGGRESSIVE;
				CLANG_WARN_UNREACHABLE_CODE = YES;
				CLANG_WARN__DUPLICATE_METHOD_MATCH = YES;
				COPY_PHASE_STRIP = NO;
				DEBUG_INFORMATION_FORMAT = "dwarf-with-dsym";
				ENABLE_NS_ASSERTIONS = NO;
				ENABLE_STRICT_OBJC_MSGSEND = YES;
				GCC_C_LANGUAGE_STANDARD = gnu11;
				GCC_NO_COMMON_BLOCKS = YES;
				GCC_WARN_64_TO_32_BIT_CONVERSION = YES;
				GCC_WARN_ABOUT_RETURN_TYPE = YES_ERROR;
				GCC_WARN_UNDECLARED_SELECTOR = YES;
				GCC_WARN_UNINITIALIZED_AUTOS = YES_AGGRESSIVE;
				GCC_WARN_UNUSED_FUNCTION = YES;
				GCC_WARN_UNUSED_VARIABLE = YES;
				IPHONEOS_DEPLOYMENT_TARGET = 16.4;
				MTL_ENABLE_DEBUG_INFO = NO;
				MTL_FAST_MATH = YES;
				SDKROOT = iphoneos;
				SWIFT_COMPILATION_MODE = wholemodule;
				SWIFT_OPTIMIZATION_LEVEL = "-O";
				VALIDATE_PRODUCT = YES;
			};
			name = Release;
		};
		7E8BE2042A8D42F800EB582A /* Debug */ = {
			isa = XCBuildConfiguration;
			buildSettings = {
				ASSETCATALOG_COMPILER_APPICON_NAME = AppIcon;
				ASSETCATALOG_COMPILER_GLOBAL_ACCENT_COLOR_NAME = AccentColor;
				CODE_SIGN_STYLE = Automatic;
				CURRENT_PROJECT_VERSION = 1;
				DEVELOPMENT_ASSET_PATHS = "\"EnvObjectExp/Preview Content\"";
				ENABLE_PREVIEWS = YES;
				GENERATE_INFOPLIST_FILE = YES;
				INFOPLIST_KEY_UIApplicationSceneManifest_Generation = YES;
				INFOPLIST_KEY_UIApplicationSupportsIndirectInputEvents = YES;
				INFOPLIST_KEY_UILaunchScreen_Generation = YES;
				INFOPLIST_KEY_UISupportedInterfaceOrientations_iPad = "UIInterfaceOrientationPortrait UIInterfaceOrientationPortraitUpsideDown UIInterfaceOrientationLandscapeLeft UIInterfaceOrientationLandscapeRight";
				INFOPLIST_KEY_UISupportedInterfaceOrientations_iPhone = "UIInterfaceOrientationPortrait UIInterfaceOrientationLandscapeLeft UIInterfaceOrientationLandscapeRight";
				LD_RUNPATH_SEARCH_PATHS = (
					"$(inherited)",
					"@executable_path/Frameworks",
				);
				MARKETING_VERSION = 1.0;
				PRODUCT_BUNDLE_IDENTIFIER = com.akash.EnvObjectExp;
				PRODUCT_NAME = "$(TARGET_NAME)";
				SWIFT_EMIT_LOC_STRINGS = YES;
				SWIFT_VERSION = 5.0;
				TARGETED_DEVICE_FAMILY = "1,2";
			};
			name = Debug;
		};
		7E8BE2052A8D42F800EB582A /* Release */ = {
			isa = XCBuildConfiguration;
			buildSettings = {
				ASSETCATALOG_COMPILER_APPICON_NAME = AppIcon;
				ASSETCATALOG_COMPILER_GLOBAL_ACCENT_COLOR_NAME = AccentColor;
				CODE_SIGN_STYLE = Automatic;
				CURRENT_PROJECT_VERSION = 1;
				DEVELOPMENT_ASSET_PATHS = "\"EnvObjectExp/Preview Content\"";
				ENABLE_PREVIEWS = YES;
				GENERATE_INFOPLIST_FILE = YES;
				INFOPLIST_KEY_UIApplicationSceneManifest_Generation = YES;
				INFOPLIST_KEY_UIApplicationSupportsIndirectInputEvents = YES;
				INFOPLIST_KEY_UILaunchScreen_Generation = YES;
				INFOPLIST_KEY_UISupportedInterfaceOrientations_iPad = "UIInterfaceOrientationPortrait UIInterfaceOrientationPortraitUpsideDown UIInterfaceOrientationLandscapeLeft UIInterfaceOrientationLandscapeRight";
				INFOPLIST_KEY_UISupportedInterfaceOrientations_iPhone = "UIInterfaceOrientationPortrait UIInterfaceOrientationLandscapeLeft UIInterfaceOrientationLandscapeRight";
				LD_RUNPATH_SEARCH_PATHS = (
					"$(inherited)",
					"@executable_path/Frameworks",
				);
				MARKETING_VERSION = 1.0;
				PRODUCT_BUNDLE_IDENTIFIER = com.akash.EnvObjectExp;
				PRODUCT_NAME = "$(TARGET_NAME)";
				SWIFT_EMIT_LOC_STRINGS = YES;
				SWIFT_VERSION = 5.0;
				TARGETED_DEVICE_FAMILY = "1,2";
			};
			name = Release;
		};
		7E8BE2072A8D42F800EB582A /* Debug */ = {
			isa = XCBuildConfiguration;
			buildSettings = {
				ALWAYS_EMBED_SWIFT_STANDARD_LIBRARIES = YES;
				BUNDLE_LOADER = "$(TEST_HOST)";
				CODE_SIGN_STYLE = Automatic;
				CURRENT_PROJECT_VERSION = 1;
				GENERATE_INFOPLIST_FILE = YES;
				IPHONEOS_DEPLOYMENT_TARGET = 16.4;
				MARKETING_VERSION = 1.0;
				PRODUCT_BUNDLE_IDENTIFIER = com.akash.EnvObjectExpTests;
				PRODUCT_NAME = "$(TARGET_NAME)";
				SWIFT_EMIT_LOC_STRINGS = NO;
				SWIFT_VERSION = 5.0;
				TARGETED_DEVICE_FAMILY = "1,2";
				TEST_HOST = "$(BUILT_PRODUCTS_DIR)/EnvObjectExp.app/$(BUNDLE_EXECUTABLE_FOLDER_PATH)/EnvObjectExp";
			};
			name = Debug;
		};
		7E8BE2082A8D42F800EB582A /* Release */ = {
			isa = XCBuildConfiguration;
			buildSettings = {
				ALWAYS_EMBED_SWIFT_STANDARD_LIBRARIES = YES;
				BUNDLE_LOADER = "$(TEST_HOST)";
				CODE_SIGN_STYLE = Automatic;
				CURRENT_PROJECT_VERSION = 1;
				GENERATE_INFOPLIST_FILE = YES;
				IPHONEOS_DEPLOYMENT_TARGET = 16.4;
				MARKETING_VERSION = 1.0;
				PRODUCT_BUNDLE_IDENTIFIER = com.akash.EnvObjectExpTests;
				PRODUCT_NAME = "$(TARGET_NAME)";
				SWIFT_EMIT_LOC_STRINGS = NO;
				SWIFT_VERSION = 5.0;
				TARGETED_DEVICE_FAMILY = "1,2";
				TEST_HOST = "$(BUILT_PRODUCTS_DIR)/EnvObjectExp.app/$(BUNDLE_EXECUTABLE_FOLDER_PATH)/EnvObjectExp";
			};
			name = Release;
		};
		7E8BE20A2A8D42F800EB582A /* Debug */ = {
			isa = XCBuildConfiguration;
			buildSettings = {
				ALWAYS_EMBED_SWIFT_STANDARD_LIBRARIES = YES;
				CODE_SIGN_STYLE = Automatic;
				CURRENT_PROJECT_VERSION = 1;
				GENERATE_INFOPLIST_FILE = YES;
				MARKETING_VERSION = 1.0;
				PRODUCT_BUNDLE_IDENTIFIER = com.akash.EnvObjectExpUITests;
				PRODUCT_NAME = "$(TARGET_NAME)";
				SWIFT_EMIT_LOC_STRINGS = NO;
				SWIFT_VERSION = 5.0;
				TARGETED_DEVICE_FAMILY = "1,2";
				TEST_TARGET_NAME = EnvObjectExp;
			};
			name = Debug;
		};
		7E8BE20B2A8D42F800EB582A /* Release */ = {
			isa = XCBuildConfiguration;
			buildSettings = {
				ALWAYS_EMBED_SWIFT_STANDARD_LIBRARIES = YES;
				CODE_SIGN_STYLE = Automatic;
				CURRENT_PROJECT_VERSION = 1;
				GENERATE_INFOPLIST_FILE = YES;
				MARKETING_VERSION = 1.0;
				PRODUCT_BUNDLE_IDENTIFIER = com.akash.EnvObjectExpUITests;
				PRODUCT_NAME = "$(TARGET_NAME)";
				SWIFT_EMIT_LOC_STRINGS = NO;
				SWIFT_VERSION = 5.0;
				TARGETED_DEVICE_FAMILY = "1,2";
				TEST_TARGET_NAME = EnvObjectExp;
			};
			name = Release;
		};
/* End XCBuildConfiguration section */

/* Begin XCConfigurationList section */
		7E8BE1DA2A8D42F700EB582A /* Build configuration list for PBXProject "EnvObjectExp" */ = {
			isa = XCConfigurationList;
			buildConfigurations = (
				7E8BE2012A8D42F800EB582A /* Debug */,
				7E8BE2022A8D42F800EB582A /* Release */,
			);
			defaultConfigurationIsVisible = 0;
			defaultConfigurationName = Release;
		};
		7E8BE2032A8D42F800EB582A /* Build configuration list for PBXNativeTarget "EnvObjectExp" */ = {
			isa = XCConfigurationList;
			buildConfigurations = (
				7E8BE2042A8D42F800EB582A /* Debug */,
				7E8BE2052A8D42F800EB582A /* Release */,
			);
			defaultConfigurationIsVisible = 0;
			defaultConfigurationName = Release;
		};
		7E8BE2062A8D42F800EB582A /* Build configuration list for PBXNativeTarget "EnvObjectExpTests" */ = {
			isa = XCConfigurationList;
			buildConfigurations = (
				7E8BE2072A8D42F800EB582A /* Debug */,
				7E8BE2082A8D42F800EB582A /* Release */,
			);
			defaultConfigurationIsVisible = 0;
			defaultConfigurationName = Release;
		};
		7E8BE2092A8D42F800EB582A /* Build configuration list for PBXNativeTarget "EnvObjectExpUITests" */ = {
			isa = XCConfigurationList;
			buildConfigurations = (
				7E8BE20A2A8D42F800EB582A /* Debug */,
				7E8BE20B2A8D42F800EB582A /* Release */,
			);
			defaultConfigurationIsVisible = 0;
			defaultConfigurationName = Release;
		};
/* End XCConfigurationList section */
	};
	rootObject = 7E8BE1D72A8D42F700EB582A /* Project object */;
}
